{
  "requires": true,
  "lockfileVersion": 1,
  "dependencies": {
    "react-hook-form": {
      "version": "7.15.3",
      "resolved": "https://registry.npmjs.org/react-hook-form/-/react-hook-form-7.15.3.tgz",
      "integrity": "sha512-z30aZoEHkWE8oZvad4OcYSBI0kQua/T5sFGH9tB2HfeykFnP/pGXNap8lDio4/U1yPj2ffpbvRIvqKd/6jjBVA=="
    }
  }
}
